
Microsoft Visual Studio Solution File, Format Version 9.00
# Visual Studio 2005
Project("{8BC9CEB8-8B4A-11D0-8D11-00A0C91BC942}") = "chart", "chart\chart.vcproj", "{1B6D2032-3AFB-4F7F-87D9-F7963AD966D6}"
EndProject
Global
	GlobalSection(SolutionConfigurationPlatforms) = preSolution
		Debug|Win32 = Debug|Win32
		Release|Win32 = Release|Win32
	EndGlobalSection
	GlobalSection(ProjectConfigurationPlatforms) = postSolution
		{1B6D2032-3AFB-4F7F-87D9-F7963AD966D6}.Debug|Win32.ActiveCfg = Debug|Win32
		{1B6D2032-3AFB-4F7F-87D9-F7963AD966D6}.Debug|Win32.Build.0 = Debug|Win32
		{1B6D2032-3AFB-4F7F-87D9-F7963AD966D6}.Release|Win32.ActiveCfg = Release|Win32
		{1B6D2032-3AFB-4F7F-87D9-F7963AD966D6}.Release|Win32.Build.0 = Release|Win32
	EndGlobalSection
	GlobalSection(SolutionProperties) = preSolution
		HideSolutionNode = FALSE
	EndGlobalSection
EndGlobal
