
Microsoft Visual Studio Solution File, Format Version 9.00
# Visual Studio 2005
Project("{8BC9CEB8-8B4A-11D0-8D11-00A0C91BC942}") = "funcobject", "funcobject\funcobject.vcproj", "{6073D57C-4B03-4D3F-91B5-E163A6A6BD02}"
EndProject
Global
	GlobalSection(SolutionConfigurationPlatforms) = preSolution
		Debug|Win32 = Debug|Win32
		Release|Win32 = Release|Win32
	EndGlobalSection
	GlobalSection(ProjectConfigurationPlatforms) = postSolution
		{6073D57C-4B03-4D3F-91B5-E163A6A6BD02}.Debug|Win32.ActiveCfg = Debug|Win32
		{6073D57C-4B03-4D3F-91B5-E163A6A6BD02}.Debug|Win32.Build.0 = Debug|Win32
		{6073D57C-4B03-4D3F-91B5-E163A6A6BD02}.Release|Win32.ActiveCfg = Release|Win32
		{6073D57C-4B03-4D3F-91B5-E163A6A6BD02}.Release|Win32.Build.0 = Release|Win32
	EndGlobalSection
	GlobalSection(SolutionProperties) = preSolution
		HideSolutionNode = FALSE
	EndGlobalSection
EndGlobal
